// !$*UTF8*$!
{
	archiveVersion = 1;
	classes = {
	};
	objectVersion = 46;
	objects = {

/* Begin PBXBuildFile section */
		0F259751A2B9CED0DBBBB259 /* Pods_km2017wiUITests.framework in Frameworks */ = {isa = PBXBuildFile; fileRef = B09C50206E5B58A942E16F21 /* Pods_km2017wiUITests.framework */; };
		3EA8951CC5B32EB45653D698 /* Pods_km2017wiTests.framework in Frameworks */ = {isa = PBXBuildFile; fileRef = 64E4781836C92F7CBE895067 /* Pods_km2017wiTests.framework */; };
		5800E51E219E054A00001FC1 /* ParallaxCell.swift in Sources */ = {isa = PBXBuildFile; fileRef = 5800E51D219E054A00001FC1 /* ParallaxCell.swift */; };
		5800E522219E0CD600001FC1 /* SwiftMessagesSegue.swift in Sources */ = {isa = PBXBuildFile; fileRef = 5800E521219E0CD600001FC1 /* SwiftMessagesSegue.swift */; };
		5800E524219E11E200001FC1 /* SaveRecipeViewController.swift in Sources */ = {isa = PBXBuildFile; fileRef = 5800E523219E11E200001FC1 /* SaveRecipeViewController.swift */; };
		58436AE2219CD09900DC84E7 /* Utilities.swift in Sources */ = {isa = PBXBuildFile; fileRef = 58436AE1219CD09900DC84E7 /* Utilities.swift */; };
		584BB6D92198CD1B003168BE /* OnlineCategory.swift in Sources */ = {isa = PBXBuildFile; fileRef = 584BB6D82198CD1B003168BE /* OnlineCategory.swift */; };
		586F4737219877C100B27E10 /* CookRecipeViewController.swift in Sources */ = {isa = PBXBuildFile; fileRef = 586F4736219877C100B27E10 /* CookRecipeViewController.swift */; };
		5870C16121989EA000974D9B /* CategoryViewController.swift in Sources */ = {isa = PBXBuildFile; fileRef = 5870C16021989EA000974D9B /* CategoryViewController.swift */; };
		5870C1692198A6D600974D9B /* CategoryViewCell.swift in Sources */ = {isa = PBXBuildFile; fileRef = 5870C1682198A6D600974D9B /* CategoryViewCell.swift */; };
		5870C16B2198AAB000974D9B /* RecipesViewController.swift in Sources */ = {isa = PBXBuildFile; fileRef = 5870C16A2198AAB000974D9B /* RecipesViewController.swift */; };
		5870C16D2198BAFB00974D9B /* OnlineRecipeCollectionViewCell.swift in Sources */ = {isa = PBXBuildFile; fileRef = 5870C16C2198BAFB00974D9B /* OnlineRecipeCollectionViewCell.swift */; };
		5870C16F2198BC3F00974D9B /* OnlineRecipe.swift in Sources */ = {isa = PBXBuildFile; fileRef = 5870C16E2198BC3F00974D9B /* OnlineRecipe.swift */; };
		58C1B51C219853C300C9F7EF /* RecipeStep.swift in Sources */ = {isa = PBXBuildFile; fileRef = 58C1B51B219853C300C9F7EF /* RecipeStep.swift */; };
		58C1B51E219853C900C9F7EF /* Recipe.swift in Sources */ = {isa = PBXBuildFile; fileRef = 58C1B51D219853C900C9F7EF /* Recipe.swift */; };
		58C1B5202198558800C9F7EF /* Category.swift in Sources */ = {isa = PBXBuildFile; fileRef = 58C1B51F2198558800C9F7EF /* Category.swift */; };
		58C1EE1E219B78D300541A75 /* RecipeDetailViewController.swift in Sources */ = {isa = PBXBuildFile; fileRef = 58C1EE1D219B78D300541A75 /* RecipeDetailViewController.swift */; };
		58C9681321975D740086ED8E /* RecipeClass.swift in Sources */ = {isa = PBXBuildFile; fileRef = 58C9681221975D740086ED8E /* RecipeClass.swift */; };
		58C9681521975E560086ED8E /* FixedProgram.swift in Sources */ = {isa = PBXBuildFile; fileRef = 58C9681421975E560086ED8E /* FixedProgram.swift */; };
		58C9681721975E8B0086ED8E /* DeviceLedState.swift in Sources */ = {isa = PBXBuildFile; fileRef = 58C9681621975E8B0086ED8E /* DeviceLedState.swift */; };
		58C9681921975F2A0086ED8E /* LedState.swift in Sources */ = {isa = PBXBuildFile; fileRef = 58C9681821975F2A0086ED8E /* LedState.swift */; };
		58CB6918219897440017C45A /* WelcomeTabViewController.swift in Sources */ = {isa = PBXBuildFile; fileRef = 58CB6917219897440017C45A /* WelcomeTabViewController.swift */; };
		58CB691A219897630017C45A /* SettingsViewController.swift in Sources */ = {isa = PBXBuildFile; fileRef = 58CB6919219897630017C45A /* SettingsViewController.swift */; };
		58D8F26921A06BF900EF0E4C /* SearchRecipesViewController.swift in Sources */ = {isa = PBXBuildFile; fileRef = 58D8F26821A06BF900EF0E4C /* SearchRecipesViewController.swift */; };
		A9751FC655D94F8A396AA9B3 /* Pods_km2017wi.framework in Frameworks */ = {isa = PBXBuildFile; fileRef = 849ED486B6C8F72863117955 /* Pods_km2017wi.framework */; };
		BF8CB0B2FFDCE2B0191CD207 /* LaunchScreen.storyboard in Resources */ = {isa = PBXBuildFile; fileRef = BF8CB58034249965F0B8D4B2 /* LaunchScreen.storyboard */; };
		BF8CB0C6D3F54ED053BB746F /* km2017wiTests.swift in Sources */ = {isa = PBXBuildFile; fileRef = BF8CBE0890F7909146783491 /* km2017wiTests.swift */; };
		BF8CB1CB99C2496971AF89C7 /* MessageType.swift in Sources */ = {isa = PBXBuildFile; fileRef = BF8CB1792015B4789634259C /* MessageType.swift */; };
		BF8CB3945A1F68F36885FEAA /* WeightStatus.swift in Sources */ = {isa = PBXBuildFile; fileRef = BF8CB2C52599430C6913A31E /* WeightStatus.swift */; };
		BF8CB66153D19C8397D5ECE1 /* MachineState.swift in Sources */ = {isa = PBXBuildFile; fileRef = BF8CBE44CEC67DC0A4757389 /* MachineState.swift */; };
		BF8CB906AE093C2BBFCDAF41 /* CommandType.swift in Sources */ = {isa = PBXBuildFile; fileRef = BF8CBC1FE3CDBEB540196FCE /* CommandType.swift */; };
		BF8CB96FF2FF5C0F7163B490 /* AppDelegate.swift in Sources */ = {isa = PBXBuildFile; fileRef = BF8CBCE74D9636CBC882FFE4 /* AppDelegate.swift */; };
		BF8CBBAFD94C3BCC9D9336F5 /* Machine.swift in Sources */ = {isa = PBXBuildFile; fileRef = BF8CB78F56271489F08F4DCE /* Machine.swift */; };
		BF8CBBC382E60CDE78DF84A2 /* Message.swift in Sources */ = {isa = PBXBuildFile; fileRef = BF8CB07F3CEEA727340FCD82 /* Message.swift */; };
		BF8CBC6BF50C05ED21333016 /* km2017wiUITests.swift in Sources */ = {isa = PBXBuildFile; fileRef = BF8CB4C473BEE6D7571746FD /* km2017wiUITests.swift */; };
		BF8CBD2E26C7E60E781854BA /* ConnectionState.swift in Sources */ = {isa = PBXBuildFile; fileRef = BF8CB3D56D22C2192B59F2AE /* ConnectionState.swift */; };
		BF8CBDAE6840DAE65CB5A0FC /* MessageFormat.swift in Sources */ = {isa = PBXBuildFile; fileRef = BF8CB0A8C57DAA872667ABF6 /* MessageFormat.swift */; };
		BF8CBE54646D5667F0E7E257 /* Main.storyboard in Resources */ = {isa = PBXBuildFile; fileRef = BF8CBEC27FA8D58AA1910EA7 /* Main.storyboard */; };
		BF8CBFF70C0C6CE45574975C /* Assets.xcassets in Resources */ = {isa = PBXBuildFile; fileRef = BF8CB8C9AEDFDA7F36E420EA /* Assets.xcassets */; };
/* End PBXBuildFile section */

/* Begin PBXContainerItemProxy section */
		BF8CBDBA16A30A554FF3D8C2 /* PBXContainerItemProxy */ = {
			isa = PBXContainerItemProxy;
			containerPortal = BF8CB832B8CE0FB149643CAD /* Project object */;
			proxyType = 1;
			remoteGlobalIDString = BF8CB932AD1A3D2BDAD6142F;
			remoteInfo = km2017wi;
		};
		BF8CBF7E615D846FB61171E1 /* PBXContainerItemProxy */ = {
			isa = PBXContainerItemProxy;
			containerPortal = BF8CB832B8CE0FB149643CAD /* Project object */;
			proxyType = 1;
			remoteGlobalIDString = BF8CB932AD1A3D2BDAD6142F;
			remoteInfo = km2017wi;
		};
/* End PBXContainerItemProxy section */

/* Begin PBXCopyFilesBuildPhase section */
		58C9680E219746050086ED8E /* Embed Frameworks */ = {
			isa = PBXCopyFilesBuildPhase;
			buildActionMask = 2147483647;
			dstPath = "";
			dstSubfolderSpec = 10;
			files = (
			);
			name = "Embed Frameworks";
			runOnlyForDeploymentPostprocessing = 0;
		};
/* End PBXCopyFilesBuildPhase section */

/* Begin PBXFileReference section */
		2155186068AEE80EB6144DF0 /* Pods-km2017wi.release.xcconfig */ = {isa = PBXFileReference; includeInIndex = 1; lastKnownFileType = text.xcconfig; name = "Pods-km2017wi.release.xcconfig"; path = "Pods/Target Support Files/Pods-km2017wi/Pods-km2017wi.release.xcconfig"; sourceTree = "<group>"; };
		466DFE2935F2E5C115C83E69 /* Pods-km2017wiUITests.release.xcconfig */ = {isa = PBXFileReference; includeInIndex = 1; lastKnownFileType = text.xcconfig; name = "Pods-km2017wiUITests.release.xcconfig"; path = "Pods/Target Support Files/Pods-km2017wiUITests/Pods-km2017wiUITests.release.xcconfig"; sourceTree = "<group>"; };
		5800E51D219E054A00001FC1 /* ParallaxCell.swift */ = {isa = PBXFileReference; lastKnownFileType = sourcecode.swift; path = ParallaxCell.swift; sourceTree = "<group>"; };
		5800E521219E0CD600001FC1 /* SwiftMessagesSegue.swift */ = {isa = PBXFileReference; lastKnownFileType = sourcecode.swift; path = SwiftMessagesSegue.swift; sourceTree = "<group>"; };
		5800E523219E11E200001FC1 /* SaveRecipeViewController.swift */ = {isa = PBXFileReference; lastKnownFileType = sourcecode.swift; path = SaveRecipeViewController.swift; sourceTree = "<group>"; };
		58436AE1219CD09900DC84E7 /* Utilities.swift */ = {isa = PBXFileReference; lastKnownFileType = sourcecode.swift; path = Utilities.swift; sourceTree = "<group>"; };
		584BB6D82198CD1B003168BE /* OnlineCategory.swift */ = {isa = PBXFileReference; lastKnownFileType = sourcecode.swift; path = OnlineCategory.swift; sourceTree = "<group>"; };
		586F4736219877C100B27E10 /* CookRecipeViewController.swift */ = {isa = PBXFileReference; lastKnownFileType = sourcecode.swift; path = CookRecipeViewController.swift; sourceTree = "<group>"; };
		5870C16021989EA000974D9B /* CategoryViewController.swift */ = {isa = PBXFileReference; lastKnownFileType = sourcecode.swift; path = CategoryViewController.swift; sourceTree = "<group>"; };
		5870C1682198A6D600974D9B /* CategoryViewCell.swift */ = {isa = PBXFileReference; lastKnownFileType = sourcecode.swift; path = CategoryViewCell.swift; sourceTree = "<group>"; };
		5870C16A2198AAB000974D9B /* RecipesViewController.swift */ = {isa = PBXFileReference; lastKnownFileType = sourcecode.swift; path = RecipesViewController.swift; sourceTree = "<group>"; };
		5870C16C2198BAFB00974D9B /* OnlineRecipeCollectionViewCell.swift */ = {isa = PBXFileReference; lastKnownFileType = sourcecode.swift; path = OnlineRecipeCollectionViewCell.swift; sourceTree = "<group>"; };
		5870C16E2198BC3F00974D9B /* OnlineRecipe.swift */ = {isa = PBXFileReference; lastKnownFileType = sourcecode.swift; path = OnlineRecipe.swift; sourceTree = "<group>"; };
		58C1B51B219853C300C9F7EF /* RecipeStep.swift */ = {isa = PBXFileReference; lastKnownFileType = sourcecode.swift; path = RecipeStep.swift; sourceTree = "<group>"; };
		58C1B51D219853C900C9F7EF /* Recipe.swift */ = {isa = PBXFileReference; lastKnownFileType = sourcecode.swift; path = Recipe.swift; sourceTree = "<group>"; };
		58C1B51F2198558800C9F7EF /* Category.swift */ = {isa = PBXFileReference; lastKnownFileType = sourcecode.swift; path = Category.swift; sourceTree = "<group>"; };
		58C1EE1D219B78D300541A75 /* RecipeDetailViewController.swift */ = {isa = PBXFileReference; lastKnownFileType = sourcecode.swift; path = RecipeDetailViewController.swift; sourceTree = "<group>"; };
		58C9681221975D740086ED8E /* RecipeClass.swift */ = {isa = PBXFileReference; lastKnownFileType = sourcecode.swift; path = RecipeClass.swift; sourceTree = "<group>"; };
		58C9681421975E560086ED8E /* FixedProgram.swift */ = {isa = PBXFileReference; lastKnownFileType = sourcecode.swift; path = FixedProgram.swift; sourceTree = "<group>"; };
		58C9681621975E8B0086ED8E /* DeviceLedState.swift */ = {isa = PBXFileReference; lastKnownFileType = sourcecode.swift; path = DeviceLedState.swift; sourceTree = "<group>"; };
		58C9681821975F2A0086ED8E /* LedState.swift */ = {isa = PBXFileReference; lastKnownFileType = sourcecode.swift; path = LedState.swift; sourceTree = "<group>"; };
		58CB6917219897440017C45A /* WelcomeTabViewController.swift */ = {isa = PBXFileReference; lastKnownFileType = sourcecode.swift; path = WelcomeTabViewController.swift; sourceTree = "<group>"; };
		58CB6919219897630017C45A /* SettingsViewController.swift */ = {isa = PBXFileReference; lastKnownFileType = sourcecode.swift; path = SettingsViewController.swift; sourceTree = "<group>"; };
		58D8F26821A06BF900EF0E4C /* SearchRecipesViewController.swift */ = {isa = PBXFileReference; lastKnownFileType = sourcecode.swift; path = SearchRecipesViewController.swift; sourceTree = "<group>"; };
		64E4781836C92F7CBE895067 /* Pods_km2017wiTests.framework */ = {isa = PBXFileReference; explicitFileType = wrapper.framework; includeInIndex = 0; path = Pods_km2017wiTests.framework; sourceTree = BUILT_PRODUCTS_DIR; };
		849ED486B6C8F72863117955 /* Pods_km2017wi.framework */ = {isa = PBXFileReference; explicitFileType = wrapper.framework; includeInIndex = 0; path = Pods_km2017wi.framework; sourceTree = BUILT_PRODUCTS_DIR; };
		B09C50206E5B58A942E16F21 /* Pods_km2017wiUITests.framework */ = {isa = PBXFileReference; explicitFileType = wrapper.framework; includeInIndex = 0; path = Pods_km2017wiUITests.framework; sourceTree = BUILT_PRODUCTS_DIR; };
		BACD9B8073DE3CB325D476B9 /* Pods-km2017wi.debug.xcconfig */ = {isa = PBXFileReference; includeInIndex = 1; lastKnownFileType = text.xcconfig; name = "Pods-km2017wi.debug.xcconfig"; path = "Pods/Target Support Files/Pods-km2017wi/Pods-km2017wi.debug.xcconfig"; sourceTree = "<group>"; };
		BCA8E1D210D8138A4AF2120A /* Pods-km2017wiTests.release.xcconfig */ = {isa = PBXFileReference; includeInIndex = 1; lastKnownFileType = text.xcconfig; name = "Pods-km2017wiTests.release.xcconfig"; path = "Pods/Target Support Files/Pods-km2017wiTests/Pods-km2017wiTests.release.xcconfig"; sourceTree = "<group>"; };
		BF8CB07F3CEEA727340FCD82 /* Message.swift */ = {isa = PBXFileReference; fileEncoding = 4; lastKnownFileType = sourcecode.swift; path = Message.swift; sourceTree = "<group>"; };
		BF8CB0A8C57DAA872667ABF6 /* MessageFormat.swift */ = {isa = PBXFileReference; fileEncoding = 4; lastKnownFileType = sourcecode.swift; path = MessageFormat.swift; sourceTree = "<group>"; };
		BF8CB1792015B4789634259C /* MessageType.swift */ = {isa = PBXFileReference; fileEncoding = 4; lastKnownFileType = sourcecode.swift; path = MessageType.swift; sourceTree = "<group>"; };
		BF8CB2C52599430C6913A31E /* WeightStatus.swift */ = {isa = PBXFileReference; fileEncoding = 4; lastKnownFileType = sourcecode.swift; path = WeightStatus.swift; sourceTree = "<group>"; };
		BF8CB3D56D22C2192B59F2AE /* ConnectionState.swift */ = {isa = PBXFileReference; fileEncoding = 4; lastKnownFileType = sourcecode.swift; path = ConnectionState.swift; sourceTree = "<group>"; };
		BF8CB4C473BEE6D7571746FD /* km2017wiUITests.swift */ = {isa = PBXFileReference; lastKnownFileType = sourcecode.swift; path = km2017wiUITests.swift; sourceTree = "<group>"; };
		BF8CB608209D279A3FFA5827 /* Base */ = {isa = PBXFileReference; lastKnownFileType = file.storyboard; name = Base; path = Base.lproj/Main.storyboard; sourceTree = "<group>"; };
		BF8CB78F56271489F08F4DCE /* Machine.swift */ = {isa = PBXFileReference; fileEncoding = 4; lastKnownFileType = sourcecode.swift; path = Machine.swift; sourceTree = "<group>"; };
		BF8CB7F2CDDDD72AE87AB04F /* Info.plist */ = {isa = PBXFileReference; lastKnownFileType = text.plist.info; path = Info.plist; sourceTree = "<group>"; };
		BF8CB8C9AEDFDA7F36E420EA /* Assets.xcassets */ = {isa = PBXFileReference; lastKnownFileType = folder.assetcatalog; path = Assets.xcassets; sourceTree = "<group>"; };
		BF8CBAC14400D5F83B6966C8 /* km2017wiUITests.xctest */ = {isa = PBXFileReference; explicitFileType = wrapper.cfbundle; includeInIndex = 0; path = km2017wiUITests.xctest; sourceTree = BUILT_PRODUCTS_DIR; };
		BF8CBB85989207A98D2BFADB /* km2017wiTests.xctest */ = {isa = PBXFileReference; explicitFileType = wrapper.cfbundle; includeInIndex = 0; path = km2017wiTests.xctest; sourceTree = BUILT_PRODUCTS_DIR; };
		BF8CBC1FE3CDBEB540196FCE /* CommandType.swift */ = {isa = PBXFileReference; fileEncoding = 4; lastKnownFileType = sourcecode.swift; path = CommandType.swift; sourceTree = "<group>"; };
		BF8CBCE74D9636CBC882FFE4 /* AppDelegate.swift */ = {isa = PBXFileReference; lastKnownFileType = sourcecode.swift; path = AppDelegate.swift; sourceTree = "<group>"; };
		BF8CBD16F896F39A643D5088 /* km2017wi.app */ = {isa = PBXFileReference; explicitFileType = wrapper.application; includeInIndex = 0; path = km2017wi.app; sourceTree = BUILT_PRODUCTS_DIR; };
		BF8CBE0890F7909146783491 /* km2017wiTests.swift */ = {isa = PBXFileReference; lastKnownFileType = sourcecode.swift; path = km2017wiTests.swift; sourceTree = "<group>"; };
		BF8CBE44CEC67DC0A4757389 /* MachineState.swift */ = {isa = PBXFileReference; fileEncoding = 4; lastKnownFileType = sourcecode.swift; path = MachineState.swift; sourceTree = "<group>"; };
		BF8CBE91FBCAEAB533F58B77 /* Info.plist */ = {isa = PBXFileReference; lastKnownFileType = text.plist.info; path = Info.plist; sourceTree = "<group>"; };
		BF8CBE9881D474EA4C7647D7 /* Info.plist */ = {isa = PBXFileReference; lastKnownFileType = text.plist.info; path = Info.plist; sourceTree = "<group>"; };
		BF8CBED0B8A6B70E182D5CFA /* Base */ = {isa = PBXFileReference; lastKnownFileType = file.storyboard; name = Base; path = Base.lproj/LaunchScreen.storyboard; sourceTree = "<group>"; };
		E5F500D9E982DE4B33D6FD79 /* Pods-km2017wiUITests.debug.xcconfig */ = {isa = PBXFileReference; includeInIndex = 1; lastKnownFileType = text.xcconfig; name = "Pods-km2017wiUITests.debug.xcconfig"; path = "Pods/Target Support Files/Pods-km2017wiUITests/Pods-km2017wiUITests.debug.xcconfig"; sourceTree = "<group>"; };
		FBD3ECDDEA65E78E81978686 /* Pods-km2017wiTests.debug.xcconfig */ = {isa = PBXFileReference; includeInIndex = 1; lastKnownFileType = text.xcconfig; name = "Pods-km2017wiTests.debug.xcconfig"; path = "Pods/Target Support Files/Pods-km2017wiTests/Pods-km2017wiTests.debug.xcconfig"; sourceTree = "<group>"; };
/* End PBXFileReference section */

/* Begin PBXFrameworksBuildPhase section */
		BF8CB67758955C20BF7EA478 /* Frameworks */ = {
			isa = PBXFrameworksBuildPhase;
			buildActionMask = 2147483647;
			files = (
				0F259751A2B9CED0DBBBB259 /* Pods_km2017wiUITests.framework in Frameworks */,
			);
			runOnlyForDeploymentPostprocessing = 0;
		};
		BF8CB867E326F2A1BA3993BD /* Frameworks */ = {
			isa = PBXFrameworksBuildPhase;
			buildActionMask = 2147483647;
			files = (
				3EA8951CC5B32EB45653D698 /* Pods_km2017wiTests.framework in Frameworks */,
			);
			runOnlyForDeploymentPostprocessing = 0;
		};
		BF8CBCEA979437930624F1C5 /* Frameworks */ = {
			isa = PBXFrameworksBuildPhase;
			buildActionMask = 2147483647;
			files = (
				A9751FC655D94F8A396AA9B3 /* Pods_km2017wi.framework in Frameworks */,
			);
			runOnlyForDeploymentPostprocessing = 0;
		};
/* End PBXFrameworksBuildPhase section */

/* Begin PBXGroup section */
		0B6EFBA019A0F46BAA6CF270 /* Pods */ = {
			isa = PBXGroup;
			children = (
				BACD9B8073DE3CB325D476B9 /* Pods-km2017wi.debug.xcconfig */,
				2155186068AEE80EB6144DF0 /* Pods-km2017wi.release.xcconfig */,
				FBD3ECDDEA65E78E81978686 /* Pods-km2017wiTests.debug.xcconfig */,
				BCA8E1D210D8138A4AF2120A /* Pods-km2017wiTests.release.xcconfig */,
				E5F500D9E982DE4B33D6FD79 /* Pods-km2017wiUITests.debug.xcconfig */,
				466DFE2935F2E5C115C83E69 /* Pods-km2017wiUITests.release.xcconfig */,
			);
			name = Pods;
			sourceTree = "<group>";
		};
		24F35874037DA7FECD57D1DD /* Frameworks */ = {
			isa = PBXGroup;
			children = (
				849ED486B6C8F72863117955 /* Pods_km2017wi.framework */,
				64E4781836C92F7CBE895067 /* Pods_km2017wiTests.framework */,
				B09C50206E5B58A942E16F21 /* Pods_km2017wiUITests.framework */,
			);
			name = Frameworks;
			sourceTree = "<group>";
		};
		5800E520219E0CC700001FC1 /* segues */ = {
			isa = PBXGroup;
			children = (
				5800E521219E0CD600001FC1 /* SwiftMessagesSegue.swift */,
			);
			path = segues;
			sourceTree = "<group>";
		};
		58436ADF219CAA4100DC84E7 /* viewcontrollers */ = {
			isa = PBXGroup;
			children = (
				586F4736219877C100B27E10 /* CookRecipeViewController.swift */,
				58CB6917219897440017C45A /* WelcomeTabViewController.swift */,
				58CB6919219897630017C45A /* SettingsViewController.swift */,
				5870C16021989EA000974D9B /* CategoryViewController.swift */,
				5870C16A2198AAB000974D9B /* RecipesViewController.swift */,
				58C1EE1D219B78D300541A75 /* RecipeDetailViewController.swift */,
				5800E523219E11E200001FC1 /* SaveRecipeViewController.swift */,
				58D8F26821A06BF900EF0E4C /* SearchRecipesViewController.swift */,
			);
			path = viewcontrollers;
			sourceTree = "<group>";
		};
		58436AE0219CAA5C00DC84E7 /* cells */ = {
			isa = PBXGroup;
			children = (
				5870C1682198A6D600974D9B /* CategoryViewCell.swift */,
				5870C16C2198BAFB00974D9B /* OnlineRecipeCollectionViewCell.swift */,
				5800E51D219E054A00001FC1 /* ParallaxCell.swift */,
			);
			path = cells;
			sourceTree = "<group>";
		};
		58C1B51A219853B700C9F7EF /* recipes */ = {
			isa = PBXGroup;
			children = (
				58C1B51D219853C900C9F7EF /* Recipe.swift */,
				58C1B51B219853C300C9F7EF /* RecipeStep.swift */,
				58C1B51F2198558800C9F7EF /* Category.swift */,
			);
			path = recipes;
			sourceTree = "<group>";
		};
		58CB691B219897DB0017C45A /* icons */ = {
			isa = PBXGroup;
			children = (
			);
			path = icons;
			sourceTree = "<group>";
		};
		BF8CB1B832EBC8E6586574AD /* structures */ = {
			isa = PBXGroup;
			children = (
				58C1B51A219853B700C9F7EF /* recipes */,
				BF8CB1792015B4789634259C /* MessageType.swift */,
				BF8CBC1FE3CDBEB540196FCE /* CommandType.swift */,
				BF8CB0A8C57DAA872667ABF6 /* MessageFormat.swift */,
				BF8CBE44CEC67DC0A4757389 /* MachineState.swift */,
				BF8CB78F56271489F08F4DCE /* Machine.swift */,
				BF8CB3D56D22C2192B59F2AE /* ConnectionState.swift */,
				BF8CB07F3CEEA727340FCD82 /* Message.swift */,
				BF8CB2C52599430C6913A31E /* WeightStatus.swift */,
				58C9681221975D740086ED8E /* RecipeClass.swift */,
				58C9681421975E560086ED8E /* FixedProgram.swift */,
				58C9681621975E8B0086ED8E /* DeviceLedState.swift */,
				58C9681821975F2A0086ED8E /* LedState.swift */,
			);
			path = structures;
			sourceTree = "<group>";
		};
		BF8CBC905C68B0BC52E02B62 /* km2017wiTests */ = {
			isa = PBXGroup;
			children = (
				BF8CBE91FBCAEAB533F58B77 /* Info.plist */,
				BF8CBE0890F7909146783491 /* km2017wiTests.swift */,
			);
			path = km2017wiTests;
			sourceTree = "<group>";
		};
		BF8CBCE3B1CFABEED3CBF69C = {
			isa = PBXGroup;
			children = (
				BF8CBE14BEB0A94D98C99A4A /* Products */,
				BF8CBF32D292E30E58C09699 /* km2017wi */,
				BF8CBE8B2A85E05FB9B6B67F /* km2017wiUITests */,
				0B6EFBA019A0F46BAA6CF270 /* Pods */,
				24F35874037DA7FECD57D1DD /* Frameworks */,
			);
			sourceTree = "<group>";
		};
		BF8CBE14BEB0A94D98C99A4A /* Products */ = {
			isa = PBXGroup;
			children = (
				BF8CBD16F896F39A643D5088 /* km2017wi.app */,
				BF8CBB85989207A98D2BFADB /* km2017wiTests.xctest */,
				BF8CBAC14400D5F83B6966C8 /* km2017wiUITests.xctest */,
			);
			name = Products;
			sourceTree = "<group>";
		};
		BF8CBE8B2A85E05FB9B6B67F /* km2017wiUITests */ = {
			isa = PBXGroup;
			children = (
				BF8CBE9881D474EA4C7647D7 /* Info.plist */,
				BF8CB4C473BEE6D7571746FD /* km2017wiUITests.swift */,
			);
			path = km2017wiUITests;
			sourceTree = "<group>";
		};
		BF8CBF32D292E30E58C09699 /* km2017wi */ = {
			isa = PBXGroup;
			children = (
				5800E520219E0CC700001FC1 /* segues */,
				58436AE0219CAA5C00DC84E7 /* cells */,
				58436ADF219CAA4100DC84E7 /* viewcontrollers */,
				BF8CB1B832EBC8E6586574AD /* structures */,
				58CB691B219897DB0017C45A /* icons */,
				BF8CB7F2CDDDD72AE87AB04F /* Info.plist */,
				BF8CB8C9AEDFDA7F36E420EA /* Assets.xcassets */,
				BF8CB58034249965F0B8D4B2 /* LaunchScreen.storyboard */,
				BF8CBCE74D9636CBC882FFE4 /* AppDelegate.swift */,
				BF8CBEC27FA8D58AA1910EA7 /* Main.storyboard */,
				5870C16E2198BC3F00974D9B /* OnlineRecipe.swift */,
				584BB6D82198CD1B003168BE /* OnlineCategory.swift */,
				58436AE1219CD09900DC84E7 /* Utilities.swift */,
				BF8CBC905C68B0BC52E02B62 /* km2017wiTests */,
			);
			path = km2017wi;
			sourceTree = "<group>";
		};
/* End PBXGroup section */

/* Begin PBXNativeTarget section */
		BF8CB2242183D330A1BFFE74 /* km2017wiUITests */ = {
			isa = PBXNativeTarget;
			buildConfigurationList = BF8CB458B51752F693E56ADE /* Build configuration list for PBXNativeTarget "km2017wiUITests" */;
			buildPhases = (
				7D64E6A4A75BD72F57A0CAED /* [CP] Check Pods Manifest.lock */,
				BF8CB640EFC03003842DEA4F /* Sources */,
				BF8CB67758955C20BF7EA478 /* Frameworks */,
				BF8CBAADEF0FF451435B1893 /* Resources */,
			);
			buildRules = (
			);
			dependencies = (
				BF8CBBA969AB25EAFC7DBFE2 /* PBXTargetDependency */,
			);
			name = km2017wiUITests;
			productName = km2017wiUITests;
			productReference = BF8CBAC14400D5F83B6966C8 /* km2017wiUITests.xctest */;
			productType = "com.apple.product-type.bundle.ui-testing";
		};
		BF8CB91ED50D022A855C1F4D /* km2017wiTests */ = {
			isa = PBXNativeTarget;
			buildConfigurationList = BF8CB155F2DF1A9D74796E12 /* Build configuration list for PBXNativeTarget "km2017wiTests" */;
			buildPhases = (
				52CBFEE264E0AAFF416E3FAD /* [CP] Check Pods Manifest.lock */,
				BF8CB259777F3E47A2CBDC93 /* Sources */,
				BF8CB867E326F2A1BA3993BD /* Frameworks */,
				BF8CB4F700B2AEDD8BC7691D /* Resources */,
			);
			buildRules = (
			);
			dependencies = (
				BF8CBC21609DD09328C5D468 /* PBXTargetDependency */,
			);
			name = km2017wiTests;
			productName = km2017wiTests;
			productReference = BF8CBB85989207A98D2BFADB /* km2017wiTests.xctest */;
			productType = "com.apple.product-type.bundle.unit-test";
		};
		BF8CB932AD1A3D2BDAD6142F /* km2017wi */ = {
			isa = PBXNativeTarget;
			buildConfigurationList = BF8CBF5E677648EBC570E643 /* Build configuration list for PBXNativeTarget "km2017wi" */;
			buildPhases = (
				A41CE6D89B1704D7303F78B3 /* [CP] Check Pods Manifest.lock */,
				BF8CB453F2695CC49E66B0A9 /* Sources */,
				BF8CBCEA979437930624F1C5 /* Frameworks */,
				BF8CBA3EA9831620AADBE2B2 /* Resources */,
				58C9680E219746050086ED8E /* Embed Frameworks */,
				9C925D14434541B85C5D5201 /* [CP] Embed Pods Frameworks */,
			);
			buildRules = (
			);
			dependencies = (
			);
			name = km2017wi;
			productName = km2017wi;
			productReference = BF8CBD16F896F39A643D5088 /* km2017wi.app */;
			productType = "com.apple.product-type.application";
		};
/* End PBXNativeTarget section */

/* Begin PBXProject section */
		BF8CB832B8CE0FB149643CAD /* Project object */ = {
			isa = PBXProject;
			attributes = {
				ORGANIZATIONNAME = "Marvin Haschker";
				TargetAttributes = {
					BF8CB932AD1A3D2BDAD6142F = {
						DevelopmentTeam = VNMGUT62AY;
					};
				};
			};
			buildConfigurationList = BF8CB5333D020D10493EDA55 /* Build configuration list for PBXProject "km2017wi" */;
			compatibilityVersion = "Xcode 3.2";
			developmentRegion = English;
			hasScannedForEncodings = 0;
			knownRegions = (
				en,
			);
			mainGroup = BF8CBCE3B1CFABEED3CBF69C;
			productRefGroup = BF8CBE14BEB0A94D98C99A4A /* Products */;
			projectDirPath = "";
			projectRoot = "";
			targets = (
				BF8CB932AD1A3D2BDAD6142F /* km2017wi */,
				BF8CB91ED50D022A855C1F4D /* km2017wiTests */,
				BF8CB2242183D330A1BFFE74 /* km2017wiUITests */,
			);
		};
/* End PBXProject section */

/* Begin PBXResourcesBuildPhase section */
		BF8CB4F700B2AEDD8BC7691D /* Resources */ = {
			isa = PBXResourcesBuildPhase;
			buildActionMask = 2147483647;
			files = (
			);
			runOnlyForDeploymentPostprocessing = 0;
		};
		BF8CBA3EA9831620AADBE2B2 /* Resources */ = {
			isa = PBXResourcesBuildPhase;
			buildActionMask = 2147483647;
			files = (
				BF8CBFF70C0C6CE45574975C /* Assets.xcassets in Resources */,
				BF8CB0B2FFDCE2B0191CD207 /* LaunchScreen.storyboard in Resources */,
				BF8CBE54646D5667F0E7E257 /* Main.storyboard in Resources */,
			);
			runOnlyForDeploymentPostprocessing = 0;
		};
		BF8CBAADEF0FF451435B1893 /* Resources */ = {
			isa = PBXResourcesBuildPhase;
			buildActionMask = 2147483647;
			files = (
			);
			runOnlyForDeploymentPostprocessing = 0;
		};
/* End PBXResourcesBuildPhase section */

/* Begin PBXShellScriptBuildPhase section */
		52CBFEE264E0AAFF416E3FAD /* [CP] Check Pods Manifest.lock */ = {
			isa = PBXShellScriptBuildPhase;
			buildActionMask = 2147483647;
			files = (
			);
			inputPaths = (
				"${PODS_PODFILE_DIR_PATH}/Podfile.lock",
				"${PODS_ROOT}/Manifest.lock",
			);
			name = "[CP] Check Pods Manifest.lock";
			outputPaths = (
				"$(DERIVED_FILE_DIR)/Pods-km2017wiTests-checkManifestLockResult.txt",
			);
			runOnlyForDeploymentPostprocessing = 0;
			shellPath = /bin/sh;
			shellScript = "diff \"${PODS_PODFILE_DIR_PATH}/Podfile.lock\" \"${PODS_ROOT}/Manifest.lock\" > /dev/null\nif [ $? != 0 ] ; then\n    # print error to STDERR\n    echo \"error: The sandbox is not in sync with the Podfile.lock. Run 'pod install' or update your CocoaPods installation.\" >&2\n    exit 1\nfi\n# This output is used by Xcode 'outputs' to avoid re-running this script phase.\necho \"SUCCESS\" > \"${SCRIPT_OUTPUT_FILE_0}\"\n";
			showEnvVarsInLog = 0;
		};
		7D64E6A4A75BD72F57A0CAED /* [CP] Check Pods Manifest.lock */ = {
			isa = PBXShellScriptBuildPhase;
			buildActionMask = 2147483647;
			files = (
			);
			inputPaths = (
				"${PODS_PODFILE_DIR_PATH}/Podfile.lock",
				"${PODS_ROOT}/Manifest.lock",
			);
			name = "[CP] Check Pods Manifest.lock";
			outputPaths = (
				"$(DERIVED_FILE_DIR)/Pods-km2017wiUITests-checkManifestLockResult.txt",
			);
			runOnlyForDeploymentPostprocessing = 0;
			shellPath = /bin/sh;
			shellScript = "diff \"${PODS_PODFILE_DIR_PATH}/Podfile.lock\" \"${PODS_ROOT}/Manifest.lock\" > /dev/null\nif [ $? != 0 ] ; then\n    # print error to STDERR\n    echo \"error: The sandbox is not in sync with the Podfile.lock. Run 'pod install' or update your CocoaPods installation.\" >&2\n    exit 1\nfi\n# This output is used by Xcode 'outputs' to avoid re-running this script phase.\necho \"SUCCESS\" > \"${SCRIPT_OUTPUT_FILE_0}\"\n";
			showEnvVarsInLog = 0;
		};
		9C925D14434541B85C5D5201 /* [CP] Embed Pods Frameworks */ = {
			isa = PBXShellScriptBuildPhase;
			buildActionMask = 2147483647;
			files = (
			);
			inputPaths = (
				"${SRCROOT}/Pods/Target Support Files/Pods-km2017wi/Pods-km2017wi-frameworks.sh",
				"${BUILT_PRODUCTS_DIR}/Alamofire/Alamofire.framework",
				"${BUILT_PRODUCTS_DIR}/Auk/Auk.framework",
				"${BUILT_PRODUCTS_DIR}/BlueSocket/Socket.framework",
				"${BUILT_PRODUCTS_DIR}/Cosmos/Cosmos.framework",
				"${BUILT_PRODUCTS_DIR}/Eureka/Eureka.framework",
				"${BUILT_PRODUCTS_DIR}/FloatLabelRow/FloatLabelRow.framework",
				"${BUILT_PRODUCTS_DIR}/ImageRow/ImageRow.framework",
				"${BUILT_PRODUCTS_DIR}/Kingfisher/Kingfisher.framework",
				"${BUILT_PRODUCTS_DIR}/RichTextRow/RichTextRow.framework",
				"${BUILT_PRODUCTS_DIR}/SwiftMessages/SwiftMessages.framework",
				"${BUILT_PRODUCTS_DIR}/SwiftSoup/SwiftSoup.framework",
				"${BUILT_PRODUCTS_DIR}/SwiftyBeaver/SwiftyBeaver.framework",
				"${BUILT_PRODUCTS_DIR}/ViewRow/ViewRow.framework",
				"${BUILT_PRODUCTS_DIR}/moa/moa.framework",
			);
			name = "[CP] Embed Pods Frameworks";
			outputPaths = (
				"${TARGET_BUILD_DIR}/${FRAMEWORKS_FOLDER_PATH}/Alamofire.framework",
				"${TARGET_BUILD_DIR}/${FRAMEWORKS_FOLDER_PATH}/Auk.framework",
				"${TARGET_BUILD_DIR}/${FRAMEWORKS_FOLDER_PATH}/Socket.framework",
				"${TARGET_BUILD_DIR}/${FRAMEWORKS_FOLDER_PATH}/Cosmos.framework",
				"${TARGET_BUILD_DIR}/${FRAMEWORKS_FOLDER_PATH}/Eureka.framework",
				"${TARGET_BUILD_DIR}/${FRAMEWORKS_FOLDER_PATH}/FloatLabelRow.framework",
				"${TARGET_BUILD_DIR}/${FRAMEWORKS_FOLDER_PATH}/ImageRow.framework",
				"${TARGET_BUILD_DIR}/${FRAMEWORKS_FOLDER_PATH}/Kingfisher.framework",
				"${TARGET_BUILD_DIR}/${FRAMEWORKS_FOLDER_PATH}/RichTextRow.framework",
				"${TARGET_BUILD_DIR}/${FRAMEWORKS_FOLDER_PATH}/SwiftMessages.framework",
				"${TARGET_BUILD_DIR}/${FRAMEWORKS_FOLDER_PATH}/SwiftSoup.framework",
				"${TARGET_BUILD_DIR}/${FRAMEWORKS_FOLDER_PATH}/SwiftyBeaver.framework",
				"${TARGET_BUILD_DIR}/${FRAMEWORKS_FOLDER_PATH}/ViewRow.framework",
				"${TARGET_BUILD_DIR}/${FRAMEWORKS_FOLDER_PATH}/moa.framework",
			);
			runOnlyForDeploymentPostprocessing = 0;
			shellPath = /bin/sh;
			shellScript = "\"${SRCROOT}/Pods/Target Support Files/Pods-km2017wi/Pods-km2017wi-frameworks.sh\"\n";
			showEnvVarsInLog = 0;
		};
		A41CE6D89B1704D7303F78B3 /* [CP] Check Pods Manifest.lock */ = {
			isa = PBXShellScriptBuildPhase;
			buildActionMask = 2147483647;
			files = (
			);
			inputPaths = (
				"${PODS_PODFILE_DIR_PATH}/Podfile.lock",
				"${PODS_ROOT}/Manifest.lock",
			);
			name = "[CP] Check Pods Manifest.lock";
			outputPaths = (
				"$(DERIVED_FILE_DIR)/Pods-km2017wi-checkManifestLockResult.txt",
			);
			runOnlyForDeploymentPostprocessing = 0;
			shellPath = /bin/sh;
			shellScript = "diff \"${PODS_PODFILE_DIR_PATH}/Podfile.lock\" \"${PODS_ROOT}/Manifest.lock\" > /dev/null\nif [ $? != 0 ] ; then\n    # print error to STDERR\n    echo \"error: The sandbox is not in sync with the Podfile.lock. Run 'pod install' or update your CocoaPods installation.\" >&2\n    exit 1\nfi\n# This output is used by Xcode 'outputs' to avoid re-running this script phase.\necho \"SUCCESS\" > \"${SCRIPT_OUTPUT_FILE_0}\"\n";
			showEnvVarsInLog = 0;
		};
/* End PBXShellScriptBuildPhase section */

/* Begin PBXSourcesBuildPhase section */
		BF8CB259777F3E47A2CBDC93 /* Sources */ = {
			isa = PBXSourcesBuildPhase;
			buildActionMask = 2147483647;
			files = (
				BF8CB0C6D3F54ED053BB746F /* km2017wiTests.swift in Sources */,
			);
			runOnlyForDeploymentPostprocessing = 0;
		};
		BF8CB453F2695CC49E66B0A9 /* Sources */ = {
			isa = PBXSourcesBuildPhase;
			buildActionMask = 2147483647;
			files = (
				5870C1692198A6D600974D9B /* CategoryViewCell.swift in Sources */,
				BF8CB96FF2FF5C0F7163B490 /* AppDelegate.swift in Sources */,
				58C9681721975E8B0086ED8E /* DeviceLedState.swift in Sources */,
				586F4737219877C100B27E10 /* CookRecipeViewController.swift in Sources */,
				5870C16B2198AAB000974D9B /* RecipesViewController.swift in Sources */,
				58CB691A219897630017C45A /* SettingsViewController.swift in Sources */,
				BF8CB1CB99C2496971AF89C7 /* MessageType.swift in Sources */,
				BF8CB906AE093C2BBFCDAF41 /* CommandType.swift in Sources */,
				BF8CBDAE6840DAE65CB5A0FC /* MessageFormat.swift in Sources */,
				BF8CB66153D19C8397D5ECE1 /* MachineState.swift in Sources */,
				5800E51E219E054A00001FC1 /* ParallaxCell.swift in Sources */,
				5870C16D2198BAFB00974D9B /* OnlineRecipeCollectionViewCell.swift in Sources */,
				BF8CBBAFD94C3BCC9D9336F5 /* Machine.swift in Sources */,
				5800E524219E11E200001FC1 /* SaveRecipeViewController.swift in Sources */,
				58C9681321975D740086ED8E /* RecipeClass.swift in Sources */,
				58D8F26921A06BF900EF0E4C /* SearchRecipesViewController.swift in Sources */,
				BF8CBD2E26C7E60E781854BA /* ConnectionState.swift in Sources */,
				58C9681521975E560086ED8E /* FixedProgram.swift in Sources */,
				58436AE2219CD09900DC84E7 /* Utilities.swift in Sources */,
				58C1B5202198558800C9F7EF /* Category.swift in Sources */,
				5870C16F2198BC3F00974D9B /* OnlineRecipe.swift in Sources */,
				58C9681921975F2A0086ED8E /* LedState.swift in Sources */,
				58C1EE1E219B78D300541A75 /* RecipeDetailViewController.swift in Sources */,
				BF8CBBC382E60CDE78DF84A2 /* Message.swift in Sources */,
				5870C16121989EA000974D9B /* CategoryViewController.swift in Sources */,
				58CB6918219897440017C45A /* WelcomeTabViewController.swift in Sources */,
				58C1B51C219853C300C9F7EF /* RecipeStep.swift in Sources */,
				BF8CB3945A1F68F36885FEAA /* WeightStatus.swift in Sources */,
				584BB6D92198CD1B003168BE /* OnlineCategory.swift in Sources */,
				58C1B51E219853C900C9F7EF /* Recipe.swift in Sources */,
				5800E522219E0CD600001FC1 /* SwiftMessagesSegue.swift in Sources */,
			);
			runOnlyForDeploymentPostprocessing = 0;
		};
		BF8CB640EFC03003842DEA4F /* Sources */ = {
			isa = PBXSourcesBuildPhase;
			buildActionMask = 2147483647;
			files = (
				BF8CBC6BF50C05ED21333016 /* km2017wiUITests.swift in Sources */,
			);
			runOnlyForDeploymentPostprocessing = 0;
		};
/* End PBXSourcesBuildPhase section */

/* Begin PBXTargetDependency section */
		BF8CBBA969AB25EAFC7DBFE2 /* PBXTargetDependency */ = {
			isa = PBXTargetDependency;
			target = BF8CB932AD1A3D2BDAD6142F /* km2017wi */;
			targetProxy = BF8CBDBA16A30A554FF3D8C2 /* PBXContainerItemProxy */;
		};
		BF8CBC21609DD09328C5D468 /* PBXTargetDependency */ = {
			isa = PBXTargetDependency;
			target = BF8CB932AD1A3D2BDAD6142F /* km2017wi */;
			targetProxy = BF8CBF7E615D846FB61171E1 /* PBXContainerItemProxy */;
		};
/* End PBXTargetDependency section */

/* Begin PBXVariantGroup section */
		BF8CB58034249965F0B8D4B2 /* LaunchScreen.storyboard */ = {
			isa = PBXVariantGroup;
			children = (
				BF8CBED0B8A6B70E182D5CFA /* Base */,
			);
			name = LaunchScreen.storyboard;
			sourceTree = "<group>";
		};
		BF8CBEC27FA8D58AA1910EA7 /* Main.storyboard */ = {
			isa = PBXVariantGroup;
			children = (
				BF8CB608209D279A3FFA5827 /* Base */,
			);
			name = Main.storyboard;
			sourceTree = "<group>";
		};
/* End PBXVariantGroup section */

/* Begin XCBuildConfiguration section */
		BF8CB19991CD281482E09A0E /* Release */ = {
			isa = XCBuildConfiguration;
			baseConfigurationReference = BCA8E1D210D8138A4AF2120A /* Pods-km2017wiTests.release.xcconfig */;
			buildSettings = {
				BUNDLE_LOADER = "$(BUILT_PRODUCTS_DIR)/km2017wi.app/km2017wi";
				INFOPLIST_FILE = km2017wiTests/Info.plist;
				LD_RUNPATH_SEARCH_PATHS = "$(inherited) @executable_path/Frameworks @loader_path/Frameworks";
				PRODUCT_BUNDLE_IDENTIFIER = me.haschker.km2017wiTests;
				PRODUCT_NAME = "$(TARGET_NAME)";
				SWIFT_VERSION = 4.2;
				TARGETED_DEVICE_FAMILY = "1,2";
				TEST_HOST = "$(BUNDLE_LOADER)";
			};
			name = Release;
		};
		BF8CB509CE528E52FE202FE8 /* Release */ = {
			isa = XCBuildConfiguration;
			buildSettings = {
				ALWAYS_SEARCH_USER_PATHS = NO;
				CLANG_ANALYZER_NONNULL = YES;
				CLANG_ANALYZER_NUMBER_OBJECT_CONVERSION = YES_AGGRESSIVE;
				CLANG_CXX_LANGUAGE_STANDARD = "gnu++14";
				CLANG_CXX_LIBRARY = "libc++";
				CLANG_ENABLE_MODULES = YES;
				CLANG_ENABLE_OBJC_ARC = YES;
				CLANG_ENABLE_OBJC_WEAK = YES;
				CLANG_WARN_BLOCK_CAPTURE_AUTORELEASING = YES;
				CLANG_WARN_BOOL_CONVERSION = YES;
				CLANG_WARN_COMMA = YES;
				CLANG_WARN_CONSTANT_CONVERSION = YES;
				CLANG_WARN_DEPRECATED_OBJC_IMPLEMENTATIONS = YES;
				CLANG_WARN_DIRECT_OBJC_ISA_USAGE = YES_ERROR;
				CLANG_WARN_DOCUMENTATION_COMMENTS = YES;
				CLANG_WARN_EMPTY_BODY = YES;
				CLANG_WARN_ENUM_CONVERSION = YES;
				CLANG_WARN_INFINITE_RECURSION = YES;
				CLANG_WARN_INT_CONVERSION = YES;
				CLANG_WARN_NON_LITERAL_NULL_CONVERSION = YES;
				CLANG_WARN_OBJC_IMPLICIT_RETAIN_SELF = YES;
				CLANG_WARN_OBJC_LITERAL_CONVERSION = YES;
				CLANG_WARN_OBJC_ROOT_CLASS = YES_ERROR;
				CLANG_WARN_RANGE_LOOP_ANALYSIS = YES;
				CLANG_WARN_STRICT_PROTOTYPES = YES;
				CLANG_WARN_SUSPICIOUS_MOVE = YES;
				CLANG_WARN_UNGUARDED_AVAILABILITY = YES_AGGRESSIVE;
				CLANG_WARN_UNREACHABLE_CODE = YES;
				CLANG_WARN__DUPLICATE_METHOD_MATCH = YES;
				CODE_SIGN_IDENTITY = "iPhone Developer";
				COPY_PHASE_STRIP = NO;
				DEBUG_INFORMATION_FORMAT = "dwarf-with-dsym";
				ENABLE_NS_ASSERTIONS = NO;
				ENABLE_STRICT_OBJC_MSGSEND = YES;
				GCC_C_LANGUAGE_STANDARD = gnu11;
				GCC_NO_COMMON_BLOCKS = YES;
				GCC_WARN_64_TO_32_BIT_CONVERSION = YES;
				GCC_WARN_ABOUT_RETURN_TYPE = YES_ERROR;
				GCC_WARN_UNDECLARED_SELECTOR = YES;
				GCC_WARN_UNINITIALIZED_AUTOS = YES_AGGRESSIVE;
				GCC_WARN_UNUSED_FUNCTION = YES;
				GCC_WARN_UNUSED_VARIABLE = YES;
				IPHONEOS_DEPLOYMENT_TARGET = 12.1;
				MTL_ENABLE_DEBUG_INFO = NO;
				MTL_FAST_MATH = YES;
				SDKROOT = iphoneos;
				SWIFT_OPTIMIZATION_LEVEL = "-Owholemodule";
				VALIDATE_PRODUCT = YES;
			};
			name = Release;
		};
		BF8CB85493E431BE188AD87F /* Debug */ = {
			isa = XCBuildConfiguration;
			buildSettings = {
				ALWAYS_SEARCH_USER_PATHS = NO;
				CLANG_ANALYZER_NONNULL = YES;
				CLANG_ANALYZER_NUMBER_OBJECT_CONVERSION = YES_AGGRESSIVE;
				CLANG_CXX_LANGUAGE_STANDARD = "gnu++14";
				CLANG_CXX_LIBRARY = "libc++";
				CLANG_ENABLE_MODULES = YES;
				CLANG_ENABLE_OBJC_ARC = YES;
				CLANG_ENABLE_OBJC_WEAK = YES;
				CLANG_WARN_BLOCK_CAPTURE_AUTORELEASING = YES;
				CLANG_WARN_BOOL_CONVERSION = YES;
				CLANG_WARN_COMMA = YES;
				CLANG_WARN_CONSTANT_CONVERSION = YES;
				CLANG_WARN_DEPRECATED_OBJC_IMPLEMENTATIONS = YES;
				CLANG_WARN_DIRECT_OBJC_ISA_USAGE = YES_ERROR;
				CLANG_WARN_DOCUMENTATION_COMMENTS = YES;
				CLANG_WARN_EMPTY_BODY = YES;
				CLANG_WARN_ENUM_CONVERSION = YES;
				CLANG_WARN_INFINITE_RECURSION = YES;
				CLANG_WARN_INT_CONVERSION = YES;
				CLANG_WARN_NON_LITERAL_NULL_CONVERSION = YES;
				CLANG_WARN_OBJC_IMPLICIT_RETAIN_SELF = YES;
				CLANG_WARN_OBJC_LITERAL_CONVERSION = YES;
				CLANG_WARN_OBJC_ROOT_CLASS = YES_ERROR;
				CLANG_WARN_RANGE_LOOP_ANALYSIS = YES;
				CLANG_WARN_STRICT_PROTOTYPES = YES;
				CLANG_WARN_SUSPICIOUS_MOVE = YES;
				CLANG_WARN_UNGUARDED_AVAILABILITY = YES_AGGRESSIVE;
				CLANG_WARN_UNREACHABLE_CODE = YES;
				CLANG_WARN__DUPLICATE_METHOD_MATCH = YES;
				CODE_SIGN_IDENTITY = "iPhone Developer";
				COPY_PHASE_STRIP = NO;
				DEBUG_INFORMATION_FORMAT = dwarf;
				ENABLE_STRICT_OBJC_MSGSEND = YES;
				ENABLE_TESTABILITY = YES;
				GCC_C_LANGUAGE_STANDARD = gnu11;
				GCC_DYNAMIC_NO_PIC = NO;
				GCC_NO_COMMON_BLOCKS = YES;
				GCC_OPTIMIZATION_LEVEL = 0;
				GCC_PREPROCESSOR_DEFINITIONS = (
					"DEBUG=1",
					"$(inherited)",
				);
				GCC_WARN_64_TO_32_BIT_CONVERSION = YES;
				GCC_WARN_ABOUT_RETURN_TYPE = YES_ERROR;
				GCC_WARN_UNDECLARED_SELECTOR = YES;
				GCC_WARN_UNINITIALIZED_AUTOS = YES_AGGRESSIVE;
				GCC_WARN_UNUSED_FUNCTION = YES;
				GCC_WARN_UNUSED_VARIABLE = YES;
				IPHONEOS_DEPLOYMENT_TARGET = 12.1;
				MTL_ENABLE_DEBUG_INFO = INCLUDE_SOURCE;
				MTL_FAST_MATH = YES;
				ONLY_ACTIVE_ARCH = YES;
				SDKROOT = iphoneos;
				SWIFT_ACTIVE_COMPILATION_CONDITIONS = DEBUG;
				SWIFT_OPTIMIZATION_LEVEL = "-Onone";
			};
			name = Debug;
		};
		BF8CBB4F833C142162C283EA /* Debug */ = {
			isa = XCBuildConfiguration;
			baseConfigurationReference = FBD3ECDDEA65E78E81978686 /* Pods-km2017wiTests.debug.xcconfig */;
			buildSettings = {
				BUNDLE_LOADER = "$(BUILT_PRODUCTS_DIR)/km2017wi.app/km2017wi";
				INFOPLIST_FILE = km2017wiTests/Info.plist;
				LD_RUNPATH_SEARCH_PATHS = "$(inherited) @executable_path/Frameworks @loader_path/Frameworks";
				PRODUCT_BUNDLE_IDENTIFIER = me.haschker.km2017wiTests;
				PRODUCT_NAME = "$(TARGET_NAME)";
				SWIFT_VERSION = 4.2;
				TARGETED_DEVICE_FAMILY = "1,2";
				TEST_HOST = "$(BUNDLE_LOADER)";
			};
			name = Debug;
		};
		BF8CBBB4AC3CA71B78C59E66 /* Debug */ = {
			isa = XCBuildConfiguration;
			baseConfigurationReference = BACD9B8073DE3CB325D476B9 /* Pods-km2017wi.debug.xcconfig */;
			buildSettings = {
				ASSETCATALOG_COMPILER_APPICON_NAME = AppIcon;
				DEVELOPMENT_TEAM = VNMGUT62AY;
				FRAMEWORK_SEARCH_PATHS = (
					"$(inherited)",
					"$(PROJECT_DIR)",
				);
				INFOPLIST_FILE = km2017wi/Info.plist;
				IPHONEOS_DEPLOYMENT_TARGET = 11.0;
				LD_RUNPATH_SEARCH_PATHS = "$(inherited) @executable_path/Frameworks";
				PRODUCT_BUNDLE_IDENTIFIER = me.haschker.km2017wi;
				PRODUCT_NAME = "$(TARGET_NAME)";
				SWIFT_VERSION = 4.2;
				TARGETED_DEVICE_FAMILY = "1,2";
			};
			name = Debug;
		};
		BF8CBEA1259EB0CAF654F8AC /* Release */ = {
			isa = XCBuildConfiguration;
			baseConfigurationReference = 2155186068AEE80EB6144DF0 /* Pods-km2017wi.release.xcconfig */;
			buildSettings = {
				ASSETCATALOG_COMPILER_APPICON_NAME = AppIcon;
				DEVELOPMENT_TEAM = VNMGUT62AY;
				FRAMEWORK_SEARCH_PATHS = (
					"$(inherited)",
					"$(PROJECT_DIR)",
				);
				INFOPLIST_FILE = km2017wi/Info.plist;
				IPHONEOS_DEPLOYMENT_TARGET = 11.0;
				LD_RUNPATH_SEARCH_PATHS = "$(inherited) @executable_path/Frameworks";
				PRODUCT_BUNDLE_IDENTIFIER = me.haschker.km2017wi;
				PRODUCT_NAME = "$(TARGET_NAME)";
				SWIFT_VERSION = 4.2;
				TARGETED_DEVICE_FAMILY = "1,2";
			};
			name = Release;
		};
		BF8CBF0CF5AE4EDA7F358B44 /* Release */ = {
			isa = XCBuildConfiguration;
			baseConfigurationReference = 466DFE2935F2E5C115C83E69 /* Pods-km2017wiUITests.release.xcconfig */;
			buildSettings = {
				INFOPLIST_FILE = km2017wiUITests/Info.plist;
				LD_RUNPATH_SEARCH_PATHS = "$(inherited) @executable_path/Frameworks @loader_path/Frameworks";
				PRODUCT_BUNDLE_IDENTIFIER = me.haschker.km2017wiUITests;
				PRODUCT_NAME = "$(TARGET_NAME)";
				SWIFT_VERSION = 4.2;
				TARGETED_DEVICE_FAMILY = "1,2";
				TEST_TARGET_NAME = km2017wi;
			};
			name = Release;
		};
		BF8CBF13158F5FA9C521FE3F /* Debug */ = {
			isa = XCBuildConfiguration;
			baseConfigurationReference = E5F500D9E982DE4B33D6FD79 /* Pods-km2017wiUITests.debug.xcconfig */;
			buildSettings = {
				INFOPLIST_FILE = km2017wiUITests/Info.plist;
				LD_RUNPATH_SEARCH_PATHS = "$(inherited) @executable_path/Frameworks @loader_path/Frameworks";
				PRODUCT_BUNDLE_IDENTIFIER = me.haschker.km2017wiUITests;
				PRODUCT_NAME = "$(TARGET_NAME)";
				SWIFT_VERSION = 4.2;
				TARGETED_DEVICE_FAMILY = "1,2";
				TEST_TARGET_NAME = km2017wi;
			};
			name = Debug;
		};
/* End XCBuildConfiguration section */

/* Begin XCConfigurationList section */
		BF8CB155F2DF1A9D74796E12 /* Build configuration list for PBXNativeTarget "km2017wiTests" */ = {
			isa = XCConfigurationList;
			buildConfigurations = (
				BF8CBB4F833C142162C283EA /* Debug */,
				BF8CB19991CD281482E09A0E /* Release */,
			);
			defaultConfigurationIsVisible = 0;
			defaultConfigurationName = Release;
		};
		BF8CB458B51752F693E56ADE /* Build configuration list for PBXNativeTarget "km2017wiUITests" */ = {
			isa = XCConfigurationList;
			buildConfigurations = (
				BF8CBF13158F5FA9C521FE3F /* Debug */,
				BF8CBF0CF5AE4EDA7F358B44 /* Release */,
			);
			defaultConfigurationIsVisible = 0;
			defaultConfigurationName = Release;
		};
		BF8CB5333D020D10493EDA55 /* Build configuration list for PBXProject "km2017wi" */ = {
			isa = XCConfigurationList;
			buildConfigurations = (
				BF8CB85493E431BE188AD87F /* Debug */,
				BF8CB509CE528E52FE202FE8 /* Release */,
			);
			defaultConfigurationIsVisible = 0;
			defaultConfigurationName = Release;
		};
		BF8CBF5E677648EBC570E643 /* Build configuration list for PBXNativeTarget "km2017wi" */ = {
			isa = XCConfigurationList;
			buildConfigurations = (
				BF8CBBB4AC3CA71B78C59E66 /* Debug */,
				BF8CBEA1259EB0CAF654F8AC /* Release */,
			);
			defaultConfigurationIsVisible = 0;
			defaultConfigurationName = Release;
		};
/* End XCConfigurationList section */
	};
	rootObject = BF8CB832B8CE0FB149643CAD /* Project object */;
}
